// !$*UTF8*$!
{
	archiveVersion = 1;
	classes = {
	};
	objectVersion = 56;
	objects = {

/* Begin PBXBuildFile section */
		F127DCF52A1A18820043BD5A /* StructCourts.swift in Sources */ = {isa = PBXBuildFile; fileRef = F127DCF42A1A18820043BD5A /* StructCourts.swift */; };
		F140F0AD29F44FBA0019034F /* test_polygonApp.swift in Sources */ = {isa = PBXBuildFile; fileRef = F140F0AC29F44FBA0019034F /* test_polygonApp.swift */; };
		F140F0AF29F44FBA0019034F /* ContentView.swift in Sources */ = {isa = PBXBuildFile; fileRef = F140F0AE29F44FBA0019034F /* ContentView.swift */; };
		F140F0B129F44FBD0019034F /* Assets.xcassets in Resources */ = {isa = PBXBuildFile; fileRef = F140F0B029F44FBD0019034F /* Assets.xcassets */; };
		F140F0B429F44FBD0019034F /* Preview Assets.xcassets in Resources */ = {isa = PBXBuildFile; fileRef = F140F0B329F44FBD0019034F /* Preview Assets.xcassets */; };
		F194D9F029FCFB9C00D19691 /* Location.gpx in Resources */ = {isa = PBXBuildFile; fileRef = F194D9EF29FCFB9C00D19691 /* Location.gpx */; };
		F1FAB4762A21FD04001EF05C /* smallMoscow.json in Resources */ = {isa = PBXBuildFile; fileRef = F1FAB4752A21FD04001EF05C /* smallMoscow.json */; };
/* End PBXBuildFile section */

/* Begin PBXFileReference section */
		F127DCF42A1A18820043BD5A /* StructCourts.swift */ = {isa = PBXFileReference; lastKnownFileType = sourcecode.swift; path = StructCourts.swift; sourceTree = "<group>"; };
		F140F0A929F44FBA0019034F /* test-polygon.app */ = {isa = PBXFileReference; explicitFileType = wrapper.application; includeInIndex = 0; path = "test-polygon.app"; sourceTree = BUILT_PRODUCTS_DIR; };
		F140F0AC29F44FBA0019034F /* test_polygonApp.swift */ = {isa = PBXFileReference; lastKnownFileType = sourcecode.swift; path = test_polygonApp.swift; sourceTree = "<group>"; };
		F140F0AE29F44FBA0019034F /* ContentView.swift */ = {isa = PBXFileReference; lastKnownFileType = sourcecode.swift; path = ContentView.swift; sourceTree = "<group>"; };
		F140F0B029F44FBD0019034F /* Assets.xcassets */ = {isa = PBXFileReference; lastKnownFileType = folder.assetcatalog; path = Assets.xcassets; sourceTree = "<group>"; };
		F140F0B329F44FBD0019034F /* Preview Assets.xcassets */ = {isa = PBXFileReference; lastKnownFileType = folder.assetcatalog; path = "Preview Assets.xcassets"; sourceTree = "<group>"; };
		F140F0B529F44FBD0019034F /* test_polygon.entitlements */ = {isa = PBXFileReference; lastKnownFileType = text.plist.entitlements; path = test_polygon.entitlements; sourceTree = "<group>"; };
		F194D9EF29FCFB9C00D19691 /* Location.gpx */ = {isa = PBXFileReference; lastKnownFileType = text.xml; path = Location.gpx; sourceTree = "<group>"; };
		F194D9F129FCFBB200D19691 /* GPX File example.gpx */ = {isa = PBXFileReference; lastKnownFileType = text.xml; path = "GPX File example.gpx"; sourceTree = "<group>"; };
		F1FAB4752A21FD04001EF05C /* smallMoscow.json */ = {isa = PBXFileReference; fileEncoding = 4; lastKnownFileType = text.json; path = smallMoscow.json; sourceTree = "<group>"; };
/* End PBXFileReference section */

/* Begin PBXFrameworksBuildPhase section */
		F140F0A629F44FBA0019034F /* Frameworks */ = {
			isa = PBXFrameworksBuildPhase;
			buildActionMask = 2147483647;
			files = (
			);
			runOnlyForDeploymentPostprocessing = 0;
		};
/* End PBXFrameworksBuildPhase section */

/* Begin PBXGroup section */
		F140F0A029F44FBA0019034F = {
			isa = PBXGroup;
			children = (
				F194D9F129FCFBB200D19691 /* GPX File example.gpx */,
				F194D9EF29FCFB9C00D19691 /* Location.gpx */,
				F140F0AB29F44FBA0019034F /* test-polygon */,
				F140F0AA29F44FBA0019034F /* Products */,
			);
			sourceTree = "<group>";
		};
		F140F0AA29F44FBA0019034F /* Products */ = {
			isa = PBXGroup;
			children = (
				F140F0A929F44FBA0019034F /* test-polygon.app */,
			);
			name = Products;
			sourceTree = "<group>";
		};
		F140F0AB29F44FBA0019034F /* test-polygon */ = {
			isa = PBXGroup;
			children = (
				F140F0AC29F44FBA0019034F /* test_polygonApp.swift */,
				F140F0AE29F44FBA0019034F /* ContentView.swift */,
				F1FAB4752A21FD04001EF05C /* smallMoscow.json */,
				F127DCF42A1A18820043BD5A /* StructCourts.swift */,
				F140F0B029F44FBD0019034F /* Assets.xcassets */,
				F140F0B529F44FBD0019034F /* test_polygon.entitlements */,
				F140F0B229F44FBD0019034F /* Preview Content */,
			);
			path = "test-polygon";
			sourceTree = "<group>";
		};
		F140F0B229F44FBD0019034F /* Preview Content */ = {
			isa = PBXGroup;
			children = (
				F140F0B329F44FBD0019034F /* Preview Assets.xcassets */,
			);
			path = "Preview Content";
			sourceTree = "<group>";
		};
/* End PBXGroup section */

/* Begin PBXNativeTarget section */
		F140F0A829F44FBA0019034F /* test-polygon */ = {
			isa = PBXNativeTarget;
			buildConfigurationList = F140F0B829F44FBD0019034F /* Build configuration list for PBXNativeTarget "test-polygon" */;
			buildPhases = (
				F140F0A529F44FBA0019034F /* Sources */,
				F140F0A629F44FBA0019034F /* Frameworks */,
				F140F0A729F44FBA0019034F /* Resources */,
			);
			buildRules = (
			);
			dependencies = (
			);
			name = "test-polygon";
			productName = "test-polygon";
			productReference = F140F0A929F44FBA0019034F /* test-polygon.app */;
			productType = "com.apple.product-type.application";
		};
/* End PBXNativeTarget section */

/* Begin PBXProject section */
		F140F0A129F44FBA0019034F /* Project object */ = {
			isa = PBXProject;
			attributes = {
				BuildIndependentTargetsInParallel = 1;
				LastSwiftUpdateCheck = 1420;
				LastUpgradeCheck = 1420;
				TargetAttributes = {
					F140F0A829F44FBA0019034F = {
						CreatedOnToolsVersion = 14.2;
					};
				};
			};
			buildConfigurationList = F140F0A429F44FBA0019034F /* Build configuration list for PBXProject "test-polygon" */;
			compatibilityVersion = "Xcode 14.0";
			developmentRegion = en;
			hasScannedForEncodings = 0;
			knownRegions = (
				en,
				Base,
			);
			mainGroup = F140F0A029F44FBA0019034F;
			productRefGroup = F140F0AA29F44FBA0019034F /* Products */;
			projectDirPath = "";
			projectRoot = "";
			targets = (
				F140F0A829F44FBA0019034F /* test-polygon */,
			);
		};
/* End PBXProject section */

/* Begin PBXResourcesBuildPhase section */
		F140F0A729F44FBA0019034F /* Resources */ = {
			isa = PBXResourcesBuildPhase;
			buildActionMask = 2147483647;
			files = (
				F140F0B429F44FBD0019034F /* Preview Assets.xcassets in Resources */,
				F1FAB4762A21FD04001EF05C /* smallMoscow.json in Resources */,
				F194D9F029FCFB9C00D19691 /* Location.gpx in Resources */,
				F140F0B129F44FBD0019034F /* Assets.xcassets in Resources */,
			);
			runOnlyForDeploymentPostprocessing = 0;
		};
/* End PBXResourcesBuildPhase section */

/* Begin PBXSourcesBuildPhase section */
		F140F0A529F44FBA0019034F /* Sources */ = {
			isa = PBXSourcesBuildPhase;
			buildActionMask = 2147483647;
			files = (
				F140F0AF29F44FBA0019034F /* ContentView.swift in Sources */,
				F140F0AD29F44FBA0019034F /* test_polygonApp.swift in Sources */,
				F127DCF52A1A18820043BD5A /* StructCourts.swift in Sources */,
			);
			runOnlyForDeploymentPostprocessing = 0;
		};
/* End PBXSourcesBuildPhase section */

/* Begin XCBuildConfiguration section */
		F140F0B629F44FBD0019034F /* Debug */ = {
			isa = XCBuildConfiguration;
			buildSettings = {
				ALWAYS_SEARCH_USER_PATHS = NO;
				CLANG_ANALYZER_NONNULL = YES;
				CLANG_ANALYZER_NUMBER_OBJECT_CONVERSION = YES_AGGRESSIVE;
				CLANG_CXX_LANGUAGE_STANDARD = "gnu++20";
				CLANG_ENABLE_MODULES = YES;
				CLANG_ENABLE_OBJC_ARC = YES;
				CLANG_ENABLE_OBJC_WEAK = YES;
				CLANG_WARN_BLOCK_CAPTURE_AUTORELEASING = YES;
				CLANG_WARN_BOOL_CONVERSION = YES;
				CLANG_WARN_COMMA = YES;
				CLANG_WARN_CONSTANT_CONVERSION = YES;
				CLANG_WARN_DEPRECATED_OBJC_IMPLEMENTATIONS = YES;
				CLANG_WARN_DIRECT_OBJC_ISA_USAGE = YES_ERROR;
				CLANG_WARN_DOCUMENTATION_COMMENTS = YES;
				CLANG_WARN_EMPTY_BODY = YES;
				CLANG_WARN_ENUM_CONVERSION = YES;
				CLANG_WARN_INFINITE_RECURSION = YES;
				CLANG_WARN_INT_CONVERSION = YES;
				CLANG_WARN_NON_LITERAL_NULL_CONVERSION = YES;
				CLANG_WARN_OBJC_IMPLICIT_RETAIN_SELF = YES;
				CLANG_WARN_OBJC_LITERAL_CONVERSION = YES;
				CLANG_WARN_OBJC_ROOT_CLASS = YES_ERROR;
				CLANG_WARN_QUOTED_INCLUDE_IN_FRAMEWORK_HEADER = YES;
				CLANG_WARN_RANGE_LOOP_ANALYSIS = YES;
				CLANG_WARN_STRICT_PROTOTYPES = YES;
				CLANG_WARN_SUSPICIOUS_MOVE = YES;
				CLANG_WARN_UNGUARDED_AVAILABILITY = YES_AGGRESSIVE;
				CLANG_WARN_UNREACHABLE_CODE = YES;
				CLANG_WARN__DUPLICATE_METHOD_MATCH = YES;
				COPY_PHASE_STRIP = NO;
				DEBUG_INFORMATION_FORMAT = dwarf;
				ENABLE_STRICT_OBJC_MSGSEND = YES;
				ENABLE_TESTABILITY = YES;
				GCC_C_LANGUAGE_STANDARD = gnu11;
				GCC_DYNAMIC_NO_PIC = NO;
				GCC_NO_COMMON_BLOCKS = YES;
				GCC_OPTIMIZATION_LEVEL = 0;
				GCC_PREPROCESSOR_DEFINITIONS = (
					"DEBUG=1",
					"$(inherited)",
				);
				GCC_WARN_64_TO_32_BIT_CONVERSION = YES;
				GCC_WARN_ABOUT_RETURN_TYPE = YES_ERROR;
				GCC_WARN_UNDECLARED_SELECTOR = YES;
				GCC_WARN_UNINITIALIZED_AUTOS = YES_AGGRESSIVE;
				GCC_WARN_UNUSED_FUNCTION = YES;
				GCC_WARN_UNUSED_VARIABLE = YES;
				MACOSX_DEPLOYMENT_TARGET = 13.1;
				MTL_ENABLE_DEBUG_INFO = INCLUDE_SOURCE;
				MTL_FAST_MATH = YES;
				ONLY_ACTIVE_ARCH = YES;
				SDKROOT = macosx;
				SWIFT_ACTIVE_COMPILATION_CONDITIONS = DEBUG;
				SWIFT_OPTIMIZATION_LEVEL = "-Onone";
			};
			name = Debug;
		};
		F140F0B729F44FBD0019034F /* Release */ = {
			isa = XCBuildConfiguration;
			buildSettings = {
				ALWAYS_SEARCH_USER_PATHS = NO;
				CLANG_ANALYZER_NONNULL = YES;
				CLANG_ANALYZER_NUMBER_OBJECT_CONVERSION = YES_AGGRESSIVE;
				CLANG_CXX_LANGUAGE_STANDARD = "gnu++20";
				CLANG_ENABLE_MODULES = YES;
				CLANG_ENABLE_OBJC_ARC = YES;
				CLANG_ENABLE_OBJC_WEAK = YES;
				CLANG_WARN_BLOCK_CAPTURE_AUTORELEASING = YES;
				CLANG_WARN_BOOL_CONVERSION = YES;
				CLANG_WARN_COMMA = YES;
				CLANG_WARN_CONSTANT_CONVERSION = YES;
				CLANG_WARN_DEPRECATED_OBJC_IMPLEMENTATIONS = YES;
				CLANG_WARN_DIRECT_OBJC_ISA_USAGE = YES_ERROR;
				CLANG_WARN_DOCUMENTATION_COMMENTS = YES;
				CLANG_WARN_EMPTY_BODY = YES;
				CLANG_WARN_ENUM_CONVERSION = YES;
				CLANG_WARN_INFINITE_RECURSION = YES;
				CLANG_WARN_INT_CONVERSION = YES;
				CLANG_WARN_NON_LITERAL_NULL_CONVERSION = YES;
				CLANG_WARN_OBJC_IMPLICIT_RETAIN_SELF = YES;
				CLANG_WARN_OBJC_LITERAL_CONVERSION = YES;
				CLANG_WARN_OBJC_ROOT_CLASS = YES_ERROR;
				CLANG_WARN_QUOTED_INCLUDE_IN_FRAMEWORK_HEADER = YES;
				CLANG_WARN_RANGE_LOOP_ANALYSIS = YES;
				CLANG_WARN_STRICT_PROTOTYPES = YES;
				CLANG_WARN_SUSPICIOUS_MOVE = YES;
				CLANG_WARN_UNGUARDED_AVAILABILITY = YES_AGGRESSIVE;
				CLANG_WARN_UNREACHABLE_CODE = YES;
				CLANG_WARN__DUPLICATE_METHOD_MATCH = YES;
				COPY_PHASE_STRIP = NO;
				DEBUG_INFORMATION_FORMAT = "dwarf-with-dsym";
				ENABLE_NS_ASSERTIONS = NO;
				ENABLE_STRICT_OBJC_MSGSEND = YES;
				GCC_C_LANGUAGE_STANDARD = gnu11;
				GCC_NO_COMMON_BLOCKS = YES;
				GCC_WARN_64_TO_32_BIT_CONVERSION = YES;
				GCC_WARN_ABOUT_RETURN_TYPE = YES_ERROR;
				GCC_WARN_UNDECLARED_SELECTOR = YES;
				GCC_WARN_UNINITIALIZED_AUTOS = YES_AGGRESSIVE;
				GCC_WARN_UNUSED_FUNCTION = YES;
				GCC_WARN_UNUSED_VARIABLE = YES;
				MACOSX_DEPLOYMENT_TARGET = 13.1;
				MTL_ENABLE_DEBUG_INFO = NO;
				MTL_FAST_MATH = YES;
				SDKROOT = macosx;
				SWIFT_COMPILATION_MODE = wholemodule;
				SWIFT_OPTIMIZATION_LEVEL = "-O";
			};
			name = Release;
		};
		F140F0B929F44FBD0019034F /* Debug */ = {
			isa = XCBuildConfiguration;
			buildSettings = {
				ASSETCATALOG_COMPILER_APPICON_NAME = AppIcon;
				ASSETCATALOG_COMPILER_GLOBAL_ACCENT_COLOR_NAME = AccentColor;
				CODE_SIGN_ENTITLEMENTS = "test-polygon/test_polygon.entitlements";
				CODE_SIGN_STYLE = Automatic;
				COMBINE_HIDPI_IMAGES = YES;
				CURRENT_PROJECT_VERSION = 1;
				DEVELOPMENT_ASSET_PATHS = "\"test-polygon/Preview Content\"";
				ENABLE_PREVIEWS = YES;
				GENERATE_INFOPLIST_FILE = YES;
				INFOPLIST_KEY_NSHumanReadableCopyright = "";
				LD_RUNPATH_SEARCH_PATHS = (
					"$(inherited)",
					"@executable_path/../Frameworks",
				);
				MARKETING_VERSION = 1.0;
				PRODUCT_BUNDLE_IDENTIFIER = "com.lawmatic.test-polygon";
				PRODUCT_NAME = "$(TARGET_NAME)";
				SWIFT_EMIT_LOC_STRINGS = YES;
				SWIFT_VERSION = 5.0;
			};
			name = Debug;
		};
		F140F0BA29F44FBD0019034F /* Release */ = {
			isa = XCBuildConfiguration;
			buildSettings = {
				ASSETCATALOG_COMPILER_APPICON_NAME = AppIcon;
				ASSETCATALOG_COMPILER_GLOBAL_ACCENT_COLOR_NAME = AccentColor;
				CODE_SIGN_ENTITLEMENTS = "test-polygon/test_polygon.entitlements";
				CODE_SIGN_STYLE = Automatic;
				COMBINE_HIDPI_IMAGES = YES;
				CURRENT_PROJECT_VERSION = 1;
				DEVELOPMENT_ASSET_PATHS = "\"test-polygon/Preview Content\"";
				ENABLE_PREVIEWS = YES;
				GENERATE_INFOPLIST_FILE = YES;
				INFOPLIST_KEY_NSHumanReadableCopyright = "";
				LD_RUNPATH_SEARCH_PATHS = (
					"$(inherited)",
					"@executable_path/../Frameworks",
				);
				MARKETING_VERSION = 1.0;
				PRODUCT_BUNDLE_IDENTIFIER = "com.lawmatic.test-polygon";
				PRODUCT_NAME = "$(TARGET_NAME)";
				SWIFT_EMIT_LOC_STRINGS = YES;
				SWIFT_VERSION = 5.0;
			};
			name = Release;
		};
/* End XCBuildConfiguration section */

/* Begin XCConfigurationList section */
		F140F0A429F44FBA0019034F /* Build configuration list for PBXProject "test-polygon" */ = {
			isa = XCConfigurationList;
			buildConfigurations = (
				F140F0B629F44FBD0019034F /* Debug */,
				F140F0B729F44FBD0019034F /* Release */,
			);
			defaultConfigurationIsVisible = 0;
			defaultConfigurationName = Release;
		};
		F140F0B829F44FBD0019034F /* Build configuration list for PBXNativeTarget "test-polygon" */ = {
			isa = XCConfigurationList;
			buildConfigurations = (
				F140F0B929F44FBD0019034F /* Debug */,
				F140F0BA29F44FBD0019034F /* Release */,
			);
			defaultConfigurationIsVisible = 0;
			defaultConfigurationName = Release;
		};
/* End XCConfigurationList section */
	};
	rootObject = F140F0A129F44FBA0019034F /* Project object */;
}
